
Microsoft Visual Studio Solution File, Format Version 12.00
# Visual Studio Version 17
VisualStudioVersion = 17.8.34322.80
MinimumVisualStudioVersion = 10.0.40219.1
Project("{2150E333-8FDC-42A3-9474-1A3956D46DE8}") = "solution", "solution", "{07AC83E8-2CC1-47BC-AD00-38157FB8CCF2}"
EndProject
Project("{9A19103F-16F7-4668-BE54-9A1E7A4F7556}") = "01913. Maximum Product Difference Between Two Pairs", "solution\01913. Maximum Product Difference Between Two Pairs\01913. Maximum Product Difference Between Two Pairs.csproj", "{797106A3-6A20-4EE2-BFF0-08FC592C5356}"
EndProject
Project("{9A19103F-16F7-4668-BE54-9A1E7A4F7556}") = "00242. Valid Anagram", "solution\00242. Valid Anagram\00242. Valid Anagram.csproj", "{5CC3869E-FFD7-442B-BE50-C483E5F3366B}"
EndProject
Project("{9A19103F-16F7-4668-BE54-9A1E7A4F7556}") = "00724. Find Pivot Index", "solution\00724. Find Pivot Index\00724. Find Pivot Index.csproj", "{BCB49BD8-120E-452C-AB2F-9506B6AB4290}"
EndProject
Project("{9A19103F-16F7-4668-BE54-9A1E7A4F7556}") = "00747. Largest Number At Least Twice of Others", "solution\00747. Largest Number At Least Twice of Others\00747. Largest Number At Least Twice of Others.csproj", "{9685D433-7BF8-4E89-B17E-96CF1FC141A3}"
EndProject
Project("{9A19103F-16F7-4668-BE54-9A1E7A4F7556}") = "00026. Remove Duplicates from Sorted Array", "solution\00026. Remove Duplicates from Sorted Array\00026. Remove Duplicates from Sorted Array.csproj", "{5F864C2A-A996-4C58-B07D-87C4251A503E}"
EndProject
Project("{9A19103F-16F7-4668-BE54-9A1E7A4F7556}") = "00122. Best Time to Buy and Sell Stock II", "solution\00122. Best Time to Buy and Sell Stock II\00122. Best Time to Buy and Sell Stock II.csproj", "{BD6E98A0-0393-4BCE-9CA0-291C5840D47F}"
EndProject
Project("{9A19103F-16F7-4668-BE54-9A1E7A4F7556}") = "00189. Rotate Array", "solution\00189. Rotate Array\00189. Rotate Array.csproj", "{922E3BF4-E65F-4709-9D90-6BE0C7EC0BB4}"
EndProject
Project("{9A19103F-16F7-4668-BE54-9A1E7A4F7556}") = "00217. Contains Duplicate", "solution\00217. Contains Duplicate\00217. Contains Duplicate.csproj", "{2159DC09-41DA-48C3-B557-15FF9D569973}"
EndProject
Project("{9A19103F-16F7-4668-BE54-9A1E7A4F7556}") = "00136. Single Number", "solution\00136. Single Number\00136. Single Number.csproj", "{D5916390-D612-4415-8053-0162E6E4334B}"
EndProject
Project("{9A19103F-16F7-4668-BE54-9A1E7A4F7556}") = "00661. Image Smoother", "solution\00661. Image Smoother\00661. Image Smoother.csproj", "{750052AE-49AC-4250-B770-E0117118D750}"
EndProject
Project("{2150E333-8FDC-42A3-9474-1A3956D46DE8}") = "extension", "extension", "{E3B43F8A-2FCA-4680-AB64-7F4C23486132}"
EndProject
Project("{9A19103F-16F7-4668-BE54-9A1E7A4F7556}") = "LeetCode.Extension", "extension\LeetCode.Extension\LeetCode.Extension.csproj", "{5015F684-036F-4261-A5A6-F16A42FE838E}"
EndProject
Project("{9A19103F-16F7-4668-BE54-9A1E7A4F7556}") = "00350. Intersection of Two Arrays II", "solution\00350. Intersection of Two Arrays II\00350. Intersection of Two Arrays II.csproj", "{DB43957C-45EB-4A2F-AA56-9AFF14314B22}"
EndProject
Project("{9A19103F-16F7-4668-BE54-9A1E7A4F7556}") = "00066. Plus One", "solution\00066. Plus One\00066. Plus One.csproj", "{54F08B65-AC27-4E77-9B2C-B66A9ED95D4C}"
EndProject
Project("{9A19103F-16F7-4668-BE54-9A1E7A4F7556}") = "00283. Move Zeroes", "solution\00283. Move Zeroes\00283. Move Zeroes.csproj", "{A6B6920D-8D9B-4FEE-944A-9C64A0D56E1E}"
EndProject
Project("{9A19103F-16F7-4668-BE54-9A1E7A4F7556}") = "00001. Two Sum", "solution\00001. Two Sum\00001. Two Sum.csproj", "{DF530DE9-564E-4F67-98D9-72BF195A4DD8}"
EndProject
Project("{9A19103F-16F7-4668-BE54-9A1E7A4F7556}") = "00036. Valid Sudoku", "solution\00036. Valid Sudoku\00036. Valid Sudoku.csproj", "{31C4AF31-63A0-4CF2-9B4D-9E4142021F9F}"
EndProject
Project("{9A19103F-16F7-4668-BE54-9A1E7A4F7556}") = "02706. Buy Two Chocolates", "solution\02706. Buy Two Chocolates\02706. Buy Two Chocolates.csproj", "{03E8174B-AEDA-4F9C-B743-9B898A1DACDE}"
EndProject
Project("{9A19103F-16F7-4668-BE54-9A1E7A4F7556}") = "00344. Reverse String", "solution\00344. Reverse String\00344. Reverse String.csproj", "{5586B778-A4F2-4B8A-AA78-58CDF031F0EB}"
EndProject
Project("{9A19103F-16F7-4668-BE54-9A1E7A4F7556}") = "01637. Widest Vertical Area Between Two Points Containing No Points", "solution\01637. Widest Vertical Area Between Two Points Containing No Points\01637. Widest Vertical Area Between Two Points Containing No Points.csproj", "{6047787B-61CE-43CF-A1E2-27BC86B94B1F}"
EndProject
Project("{9A19103F-16F7-4668-BE54-9A1E7A4F7556}") = "00007. Reverse Integer", "solution\00007. Reverse Integer\00007. Reverse Integer.csproj", "{A87249D7-A9B6-4E34-97B1-D14F55A71BAA}"
EndProject
Project("{9A19103F-16F7-4668-BE54-9A1E7A4F7556}") = "00387. First Unique Character in a String", "solution\00387. First Unique Character in a String\00387. First Unique Character in a String.csproj", "{228A82AC-81E9-48E4-9310-C09AAE5ED5DF}"
EndProject
Project("{9A19103F-16F7-4668-BE54-9A1E7A4F7556}") = "00125. Valid Palindrome", "solution\00125. Valid Palindrome\00125. Valid Palindrome.csproj", "{E69F0202-0A20-4A5D-A630-BDFBCF0ED84D}"
EndProject
Project("{9A19103F-16F7-4668-BE54-9A1E7A4F7556}") = "01422. Maximum Score After Splitting a String", "solution\01422. Maximum Score After Splitting a String\01422. Maximum Score After Splitting a String.csproj", "{3EB62CC5-9074-4CAF-8138-265BC59E4242}"
EndProject
Project("{9A19103F-16F7-4668-BE54-9A1E7A4F7556}") = "00028. Find the Index of the First Occurrence in a String", "solution\00028. Find the Index of the First Occurrence in a String\00028. Find the Index of the First Occurrence in a String.csproj", "{4FAB367C-EF42-404C-88C3-655F70B53ED5}"
EndProject
Project("{9A19103F-16F7-4668-BE54-9A1E7A4F7556}") = "00014. Longest Common Prefix", "solution\00014. Longest Common Prefix\00014. Longest Common Prefix.csproj", "{28C4DC9D-3646-41C0-B6F1-D91EE582C0A7}"
EndProject
Project("{9A19103F-16F7-4668-BE54-9A1E7A4F7556}") = "01496. Path Crossing", "solution\01496. Path Crossing\01496. Path Crossing.csproj", "{8EAF6A69-D346-447B-81DE-AD687221DDD2}"
EndProject
Project("{9A19103F-16F7-4668-BE54-9A1E7A4F7556}") = "01758. Minimum Changes To Make Alternating Binary String", "solution\01758. Minimum Changes To Make Alternating Binary String\01758. Minimum Changes To Make Alternating Binary String.csproj", "{4C943026-B176-47BA-AAD6-425CE2EF44C6}"
EndProject
Project("{9A19103F-16F7-4668-BE54-9A1E7A4F7556}") = "00091. Decode Ways", "solution\00091. Decode Ways\00091. Decode Ways.csproj", "{E48F2570-9D1F-4B08-A361-68CFDBF705FC}"
EndProject
Project("{9A19103F-16F7-4668-BE54-9A1E7A4F7556}") = "01578. Minimum Time to Make Rope Colorful", "solution\01578. Minimum Time to Make Rope Colorful\01578. Minimum Time to Make Rope Colorful.csproj", "{76C167D4-0CFA-4FB1-89EF-2630E6DFD528}"
EndProject
Project("{2150E333-8FDC-42A3-9474-1A3956D46DE8}") = "方案項目", "方案項目", "{D93AF11B-2FC2-4711-92B8-E22FC71C2142}"
	ProjectSection(SolutionItems) = preProject
		README.md = README.md
	EndProjectSection
EndProject
Global
	GlobalSection(SolutionConfigurationPlatforms) = preSolution
		Debug|Any CPU = Debug|Any CPU
		Release|Any CPU = Release|Any CPU
	EndGlobalSection
	GlobalSection(ProjectConfigurationPlatforms) = postSolution
		{797106A3-6A20-4EE2-BFF0-08FC592C5356}.Debug|Any CPU.ActiveCfg = Debug|Any CPU
		{797106A3-6A20-4EE2-BFF0-08FC592C5356}.Debug|Any CPU.Build.0 = Debug|Any CPU
		{797106A3-6A20-4EE2-BFF0-08FC592C5356}.Release|Any CPU.ActiveCfg = Release|Any CPU
		{797106A3-6A20-4EE2-BFF0-08FC592C5356}.Release|Any CPU.Build.0 = Release|Any CPU
		{5CC3869E-FFD7-442B-BE50-C483E5F3366B}.Debug|Any CPU.ActiveCfg = Debug|Any CPU
		{5CC3869E-FFD7-442B-BE50-C483E5F3366B}.Debug|Any CPU.Build.0 = Debug|Any CPU
		{5CC3869E-FFD7-442B-BE50-C483E5F3366B}.Release|Any CPU.ActiveCfg = Release|Any CPU
		{5CC3869E-FFD7-442B-BE50-C483E5F3366B}.Release|Any CPU.Build.0 = Release|Any CPU
		{BCB49BD8-120E-452C-AB2F-9506B6AB4290}.Debug|Any CPU.ActiveCfg = Debug|Any CPU
		{BCB49BD8-120E-452C-AB2F-9506B6AB4290}.Debug|Any CPU.Build.0 = Debug|Any CPU
		{BCB49BD8-120E-452C-AB2F-9506B6AB4290}.Release|Any CPU.ActiveCfg = Release|Any CPU
		{BCB49BD8-120E-452C-AB2F-9506B6AB4290}.Release|Any CPU.Build.0 = Release|Any CPU
		{9685D433-7BF8-4E89-B17E-96CF1FC141A3}.Debug|Any CPU.ActiveCfg = Debug|Any CPU
		{9685D433-7BF8-4E89-B17E-96CF1FC141A3}.Debug|Any CPU.Build.0 = Debug|Any CPU
		{9685D433-7BF8-4E89-B17E-96CF1FC141A3}.Release|Any CPU.ActiveCfg = Release|Any CPU
		{9685D433-7BF8-4E89-B17E-96CF1FC141A3}.Release|Any CPU.Build.0 = Release|Any CPU
		{5F864C2A-A996-4C58-B07D-87C4251A503E}.Debug|Any CPU.ActiveCfg = Debug|Any CPU
		{5F864C2A-A996-4C58-B07D-87C4251A503E}.Debug|Any CPU.Build.0 = Debug|Any CPU
		{5F864C2A-A996-4C58-B07D-87C4251A503E}.Release|Any CPU.ActiveCfg = Release|Any CPU
		{5F864C2A-A996-4C58-B07D-87C4251A503E}.Release|Any CPU.Build.0 = Release|Any CPU
		{BD6E98A0-0393-4BCE-9CA0-291C5840D47F}.Debug|Any CPU.ActiveCfg = Debug|Any CPU
		{BD6E98A0-0393-4BCE-9CA0-291C5840D47F}.Debug|Any CPU.Build.0 = Debug|Any CPU
		{BD6E98A0-0393-4BCE-9CA0-291C5840D47F}.Release|Any CPU.ActiveCfg = Release|Any CPU
		{BD6E98A0-0393-4BCE-9CA0-291C5840D47F}.Release|Any CPU.Build.0 = Release|Any CPU
		{922E3BF4-E65F-4709-9D90-6BE0C7EC0BB4}.Debug|Any CPU.ActiveCfg = Debug|Any CPU
		{922E3BF4-E65F-4709-9D90-6BE0C7EC0BB4}.Debug|Any CPU.Build.0 = Debug|Any CPU
		{922E3BF4-E65F-4709-9D90-6BE0C7EC0BB4}.Release|Any CPU.ActiveCfg = Release|Any CPU
		{922E3BF4-E65F-4709-9D90-6BE0C7EC0BB4}.Release|Any CPU.Build.0 = Release|Any CPU
		{2159DC09-41DA-48C3-B557-15FF9D569973}.Debug|Any CPU.ActiveCfg = Debug|Any CPU
		{2159DC09-41DA-48C3-B557-15FF9D569973}.Debug|Any CPU.Build.0 = Debug|Any CPU
		{2159DC09-41DA-48C3-B557-15FF9D569973}.Release|Any CPU.ActiveCfg = Release|Any CPU
		{2159DC09-41DA-48C3-B557-15FF9D569973}.Release|Any CPU.Build.0 = Release|Any CPU
		{D5916390-D612-4415-8053-0162E6E4334B}.Debug|Any CPU.ActiveCfg = Debug|Any CPU
		{D5916390-D612-4415-8053-0162E6E4334B}.Debug|Any CPU.Build.0 = Debug|Any CPU
		{D5916390-D612-4415-8053-0162E6E4334B}.Release|Any CPU.ActiveCfg = Release|Any CPU
		{D5916390-D612-4415-8053-0162E6E4334B}.Release|Any CPU.Build.0 = Release|Any CPU
		{750052AE-49AC-4250-B770-E0117118D750}.Debug|Any CPU.ActiveCfg = Debug|Any CPU
		{750052AE-49AC-4250-B770-E0117118D750}.Debug|Any CPU.Build.0 = Debug|Any CPU
		{750052AE-49AC-4250-B770-E0117118D750}.Release|Any CPU.ActiveCfg = Release|Any CPU
		{750052AE-49AC-4250-B770-E0117118D750}.Release|Any CPU.Build.0 = Release|Any CPU
		{5015F684-036F-4261-A5A6-F16A42FE838E}.Debug|Any CPU.ActiveCfg = Debug|Any CPU
		{5015F684-036F-4261-A5A6-F16A42FE838E}.Debug|Any CPU.Build.0 = Debug|Any CPU
		{5015F684-036F-4261-A5A6-F16A42FE838E}.Release|Any CPU.ActiveCfg = Release|Any CPU
		{5015F684-036F-4261-A5A6-F16A42FE838E}.Release|Any CPU.Build.0 = Release|Any CPU
		{DB43957C-45EB-4A2F-AA56-9AFF14314B22}.Debug|Any CPU.ActiveCfg = Debug|Any CPU
		{DB43957C-45EB-4A2F-AA56-9AFF14314B22}.Debug|Any CPU.Build.0 = Debug|Any CPU
		{DB43957C-45EB-4A2F-AA56-9AFF14314B22}.Release|Any CPU.ActiveCfg = Release|Any CPU
		{DB43957C-45EB-4A2F-AA56-9AFF14314B22}.Release|Any CPU.Build.0 = Release|Any CPU
		{54F08B65-AC27-4E77-9B2C-B66A9ED95D4C}.Debug|Any CPU.ActiveCfg = Debug|Any CPU
		{54F08B65-AC27-4E77-9B2C-B66A9ED95D4C}.Debug|Any CPU.Build.0 = Debug|Any CPU
		{54F08B65-AC27-4E77-9B2C-B66A9ED95D4C}.Release|Any CPU.ActiveCfg = Release|Any CPU
		{54F08B65-AC27-4E77-9B2C-B66A9ED95D4C}.Release|Any CPU.Build.0 = Release|Any CPU
		{A6B6920D-8D9B-4FEE-944A-9C64A0D56E1E}.Debug|Any CPU.ActiveCfg = Debug|Any CPU
		{A6B6920D-8D9B-4FEE-944A-9C64A0D56E1E}.Debug|Any CPU.Build.0 = Debug|Any CPU
		{A6B6920D-8D9B-4FEE-944A-9C64A0D56E1E}.Release|Any CPU.ActiveCfg = Release|Any CPU
		{A6B6920D-8D9B-4FEE-944A-9C64A0D56E1E}.Release|Any CPU.Build.0 = Release|Any CPU
		{DF530DE9-564E-4F67-98D9-72BF195A4DD8}.Debug|Any CPU.ActiveCfg = Debug|Any CPU
		{DF530DE9-564E-4F67-98D9-72BF195A4DD8}.Debug|Any CPU.Build.0 = Debug|Any CPU
		{DF530DE9-564E-4F67-98D9-72BF195A4DD8}.Release|Any CPU.ActiveCfg = Release|Any CPU
		{DF530DE9-564E-4F67-98D9-72BF195A4DD8}.Release|Any CPU.Build.0 = Release|Any CPU
		{31C4AF31-63A0-4CF2-9B4D-9E4142021F9F}.Debug|Any CPU.ActiveCfg = Debug|Any CPU
		{31C4AF31-63A0-4CF2-9B4D-9E4142021F9F}.Debug|Any CPU.Build.0 = Debug|Any CPU
		{31C4AF31-63A0-4CF2-9B4D-9E4142021F9F}.Release|Any CPU.ActiveCfg = Release|Any CPU
		{31C4AF31-63A0-4CF2-9B4D-9E4142021F9F}.Release|Any CPU.Build.0 = Release|Any CPU
		{03E8174B-AEDA-4F9C-B743-9B898A1DACDE}.Debug|Any CPU.ActiveCfg = Debug|Any CPU
		{03E8174B-AEDA-4F9C-B743-9B898A1DACDE}.Debug|Any CPU.Build.0 = Debug|Any CPU
		{03E8174B-AEDA-4F9C-B743-9B898A1DACDE}.Release|Any CPU.ActiveCfg = Release|Any CPU
		{03E8174B-AEDA-4F9C-B743-9B898A1DACDE}.Release|Any CPU.Build.0 = Release|Any CPU
		{5586B778-A4F2-4B8A-AA78-58CDF031F0EB}.Debug|Any CPU.ActiveCfg = Debug|Any CPU
		{5586B778-A4F2-4B8A-AA78-58CDF031F0EB}.Debug|Any CPU.Build.0 = Debug|Any CPU
		{5586B778-A4F2-4B8A-AA78-58CDF031F0EB}.Release|Any CPU.ActiveCfg = Release|Any CPU
		{5586B778-A4F2-4B8A-AA78-58CDF031F0EB}.Release|Any CPU.Build.0 = Release|Any CPU
		{6047787B-61CE-43CF-A1E2-27BC86B94B1F}.Debug|Any CPU.ActiveCfg = Debug|Any CPU
		{6047787B-61CE-43CF-A1E2-27BC86B94B1F}.Debug|Any CPU.Build.0 = Debug|Any CPU
		{6047787B-61CE-43CF-A1E2-27BC86B94B1F}.Release|Any CPU.ActiveCfg = Release|Any CPU
		{6047787B-61CE-43CF-A1E2-27BC86B94B1F}.Release|Any CPU.Build.0 = Release|Any CPU
		{A87249D7-A9B6-4E34-97B1-D14F55A71BAA}.Debug|Any CPU.ActiveCfg = Debug|Any CPU
		{A87249D7-A9B6-4E34-97B1-D14F55A71BAA}.Debug|Any CPU.Build.0 = Debug|Any CPU
		{A87249D7-A9B6-4E34-97B1-D14F55A71BAA}.Release|Any CPU.ActiveCfg = Release|Any CPU
		{A87249D7-A9B6-4E34-97B1-D14F55A71BAA}.Release|Any CPU.Build.0 = Release|Any CPU
		{228A82AC-81E9-48E4-9310-C09AAE5ED5DF}.Debug|Any CPU.ActiveCfg = Debug|Any CPU
		{228A82AC-81E9-48E4-9310-C09AAE5ED5DF}.Debug|Any CPU.Build.0 = Debug|Any CPU
		{228A82AC-81E9-48E4-9310-C09AAE5ED5DF}.Release|Any CPU.ActiveCfg = Release|Any CPU
		{228A82AC-81E9-48E4-9310-C09AAE5ED5DF}.Release|Any CPU.Build.0 = Release|Any CPU
		{E69F0202-0A20-4A5D-A630-BDFBCF0ED84D}.Debug|Any CPU.ActiveCfg = Debug|Any CPU
		{E69F0202-0A20-4A5D-A630-BDFBCF0ED84D}.Debug|Any CPU.Build.0 = Debug|Any CPU
		{E69F0202-0A20-4A5D-A630-BDFBCF0ED84D}.Release|Any CPU.ActiveCfg = Release|Any CPU
		{E69F0202-0A20-4A5D-A630-BDFBCF0ED84D}.Release|Any CPU.Build.0 = Release|Any CPU
		{3EB62CC5-9074-4CAF-8138-265BC59E4242}.Debug|Any CPU.ActiveCfg = Debug|Any CPU
		{3EB62CC5-9074-4CAF-8138-265BC59E4242}.Debug|Any CPU.Build.0 = Debug|Any CPU
		{3EB62CC5-9074-4CAF-8138-265BC59E4242}.Release|Any CPU.ActiveCfg = Release|Any CPU
		{3EB62CC5-9074-4CAF-8138-265BC59E4242}.Release|Any CPU.Build.0 = Release|Any CPU
		{4FAB367C-EF42-404C-88C3-655F70B53ED5}.Debug|Any CPU.ActiveCfg = Debug|Any CPU
		{4FAB367C-EF42-404C-88C3-655F70B53ED5}.Debug|Any CPU.Build.0 = Debug|Any CPU
		{4FAB367C-EF42-404C-88C3-655F70B53ED5}.Release|Any CPU.ActiveCfg = Release|Any CPU
		{4FAB367C-EF42-404C-88C3-655F70B53ED5}.Release|Any CPU.Build.0 = Release|Any CPU
		{28C4DC9D-3646-41C0-B6F1-D91EE582C0A7}.Debug|Any CPU.ActiveCfg = Debug|Any CPU
		{28C4DC9D-3646-41C0-B6F1-D91EE582C0A7}.Debug|Any CPU.Build.0 = Debug|Any CPU
		{28C4DC9D-3646-41C0-B6F1-D91EE582C0A7}.Release|Any CPU.ActiveCfg = Release|Any CPU
		{28C4DC9D-3646-41C0-B6F1-D91EE582C0A7}.Release|Any CPU.Build.0 = Release|Any CPU
		{8EAF6A69-D346-447B-81DE-AD687221DDD2}.Debug|Any CPU.ActiveCfg = Debug|Any CPU
		{8EAF6A69-D346-447B-81DE-AD687221DDD2}.Debug|Any CPU.Build.0 = Debug|Any CPU
		{8EAF6A69-D346-447B-81DE-AD687221DDD2}.Release|Any CPU.ActiveCfg = Release|Any CPU
		{8EAF6A69-D346-447B-81DE-AD687221DDD2}.Release|Any CPU.Build.0 = Release|Any CPU
		{4C943026-B176-47BA-AAD6-425CE2EF44C6}.Debug|Any CPU.ActiveCfg = Debug|Any CPU
		{4C943026-B176-47BA-AAD6-425CE2EF44C6}.Debug|Any CPU.Build.0 = Debug|Any CPU
		{4C943026-B176-47BA-AAD6-425CE2EF44C6}.Release|Any CPU.ActiveCfg = Release|Any CPU
		{4C943026-B176-47BA-AAD6-425CE2EF44C6}.Release|Any CPU.Build.0 = Release|Any CPU
		{E48F2570-9D1F-4B08-A361-68CFDBF705FC}.Debug|Any CPU.ActiveCfg = Debug|Any CPU
		{E48F2570-9D1F-4B08-A361-68CFDBF705FC}.Debug|Any CPU.Build.0 = Debug|Any CPU
		{E48F2570-9D1F-4B08-A361-68CFDBF705FC}.Release|Any CPU.ActiveCfg = Release|Any CPU
		{E48F2570-9D1F-4B08-A361-68CFDBF705FC}.Release|Any CPU.Build.0 = Release|Any CPU
		{76C167D4-0CFA-4FB1-89EF-2630E6DFD528}.Debug|Any CPU.ActiveCfg = Debug|Any CPU
		{76C167D4-0CFA-4FB1-89EF-2630E6DFD528}.Debug|Any CPU.Build.0 = Debug|Any CPU
		{76C167D4-0CFA-4FB1-89EF-2630E6DFD528}.Release|Any CPU.ActiveCfg = Release|Any CPU
		{76C167D4-0CFA-4FB1-89EF-2630E6DFD528}.Release|Any CPU.Build.0 = Release|Any CPU
	EndGlobalSection
	GlobalSection(SolutionProperties) = preSolution
		HideSolutionNode = FALSE
	EndGlobalSection
	GlobalSection(NestedProjects) = preSolution
		{797106A3-6A20-4EE2-BFF0-08FC592C5356} = {07AC83E8-2CC1-47BC-AD00-38157FB8CCF2}
		{5CC3869E-FFD7-442B-BE50-C483E5F3366B} = {07AC83E8-2CC1-47BC-AD00-38157FB8CCF2}
		{BCB49BD8-120E-452C-AB2F-9506B6AB4290} = {07AC83E8-2CC1-47BC-AD00-38157FB8CCF2}
		{9685D433-7BF8-4E89-B17E-96CF1FC141A3} = {07AC83E8-2CC1-47BC-AD00-38157FB8CCF2}
		{5F864C2A-A996-4C58-B07D-87C4251A503E} = {07AC83E8-2CC1-47BC-AD00-38157FB8CCF2}
		{BD6E98A0-0393-4BCE-9CA0-291C5840D47F} = {07AC83E8-2CC1-47BC-AD00-38157FB8CCF2}
		{922E3BF4-E65F-4709-9D90-6BE0C7EC0BB4} = {07AC83E8-2CC1-47BC-AD00-38157FB8CCF2}
		{2159DC09-41DA-48C3-B557-15FF9D569973} = {07AC83E8-2CC1-47BC-AD00-38157FB8CCF2}
		{D5916390-D612-4415-8053-0162E6E4334B} = {07AC83E8-2CC1-47BC-AD00-38157FB8CCF2}
		{750052AE-49AC-4250-B770-E0117118D750} = {07AC83E8-2CC1-47BC-AD00-38157FB8CCF2}
		{5015F684-036F-4261-A5A6-F16A42FE838E} = {E3B43F8A-2FCA-4680-AB64-7F4C23486132}
		{DB43957C-45EB-4A2F-AA56-9AFF14314B22} = {07AC83E8-2CC1-47BC-AD00-38157FB8CCF2}
		{54F08B65-AC27-4E77-9B2C-B66A9ED95D4C} = {07AC83E8-2CC1-47BC-AD00-38157FB8CCF2}
		{A6B6920D-8D9B-4FEE-944A-9C64A0D56E1E} = {07AC83E8-2CC1-47BC-AD00-38157FB8CCF2}
		{DF530DE9-564E-4F67-98D9-72BF195A4DD8} = {07AC83E8-2CC1-47BC-AD00-38157FB8CCF2}
		{31C4AF31-63A0-4CF2-9B4D-9E4142021F9F} = {07AC83E8-2CC1-47BC-AD00-38157FB8CCF2}
		{03E8174B-AEDA-4F9C-B743-9B898A1DACDE} = {07AC83E8-2CC1-47BC-AD00-38157FB8CCF2}
		{5586B778-A4F2-4B8A-AA78-58CDF031F0EB} = {07AC83E8-2CC1-47BC-AD00-38157FB8CCF2}
		{6047787B-61CE-43CF-A1E2-27BC86B94B1F} = {07AC83E8-2CC1-47BC-AD00-38157FB8CCF2}
		{A87249D7-A9B6-4E34-97B1-D14F55A71BAA} = {07AC83E8-2CC1-47BC-AD00-38157FB8CCF2}
		{228A82AC-81E9-48E4-9310-C09AAE5ED5DF} = {07AC83E8-2CC1-47BC-AD00-38157FB8CCF2}
		{E69F0202-0A20-4A5D-A630-BDFBCF0ED84D} = {07AC83E8-2CC1-47BC-AD00-38157FB8CCF2}
		{3EB62CC5-9074-4CAF-8138-265BC59E4242} = {07AC83E8-2CC1-47BC-AD00-38157FB8CCF2}
		{4FAB367C-EF42-404C-88C3-655F70B53ED5} = {07AC83E8-2CC1-47BC-AD00-38157FB8CCF2}
		{28C4DC9D-3646-41C0-B6F1-D91EE582C0A7} = {07AC83E8-2CC1-47BC-AD00-38157FB8CCF2}
		{8EAF6A69-D346-447B-81DE-AD687221DDD2} = {07AC83E8-2CC1-47BC-AD00-38157FB8CCF2}
		{4C943026-B176-47BA-AAD6-425CE2EF44C6} = {07AC83E8-2CC1-47BC-AD00-38157FB8CCF2}
		{E48F2570-9D1F-4B08-A361-68CFDBF705FC} = {07AC83E8-2CC1-47BC-AD00-38157FB8CCF2}
		{76C167D4-0CFA-4FB1-89EF-2630E6DFD528} = {07AC83E8-2CC1-47BC-AD00-38157FB8CCF2}
	EndGlobalSection
	GlobalSection(ExtensibilityGlobals) = postSolution
		SolutionGuid = {2C2E5406-7B0D-4424-A228-3D60809985DE}
	EndGlobalSection
EndGlobal
